
Microsoft Visual Studio Solution File, Format Version 12.00
# Visual Studio Version 17
VisualStudioVersion = 17.3.32922.545
MinimumVisualStudioVersion = 10.0.40219.1
Project("{FAE04EC0-301F-11D3-BF4B-00C04F79EFBC}") = "BertServer", "BertServer.csproj", "{CA5883C6-7EFA-4089-BA35-F1A3BE4A670B}"
EndProject
Project("{2150E333-8FDC-42A3-9474-1A3956D46DE8}") = "Client", "Client", "{5268CCED-DD98-4952-B45C-3E2DB9C91F28}"
	ProjectSection(SolutionItems) = preProject
		client.html = client.html
	EndProjectSection
EndProject
Project("{FAE04EC0-301F-11D3-BF4B-00C04F79EFBC}") = "BertServerTests", "..\BertServerTests\BertServerTests.csproj", "{67C53647-8019-41AD-B1BB-B3D6FD4B20B3}"
EndProject
Global
	GlobalSection(SolutionConfigurationPlatforms) = preSolution
		Debug|Any CPU = Debug|Any CPU
		Release|Any CPU = Release|Any CPU
	EndGlobalSection
	GlobalSection(ProjectConfigurationPlatforms) = postSolution
		{CA5883C6-7EFA-4089-BA35-F1A3BE4A670B}.Debug|Any CPU.ActiveCfg = Debug|Any CPU
		{CA5883C6-7EFA-4089-BA35-F1A3BE4A670B}.Debug|Any CPU.Build.0 = Debug|Any CPU
		{CA5883C6-7EFA-4089-BA35-F1A3BE4A670B}.Release|Any CPU.ActiveCfg = Release|Any CPU
		{CA5883C6-7EFA-4089-BA35-F1A3BE4A670B}.Release|Any CPU.Build.0 = Release|Any CPU
		{67C53647-8019-41AD-B1BB-B3D6FD4B20B3}.Debug|Any CPU.ActiveCfg = Debug|Any CPU
		{67C53647-8019-41AD-B1BB-B3D6FD4B20B3}.Debug|Any CPU.Build.0 = Debug|Any CPU
		{67C53647-8019-41AD-B1BB-B3D6FD4B20B3}.Release|Any CPU.ActiveCfg = Release|Any CPU
		{67C53647-8019-41AD-B1BB-B3D6FD4B20B3}.Release|Any CPU.Build.0 = Release|Any CPU
	EndGlobalSection
	GlobalSection(SolutionProperties) = preSolution
		HideSolutionNode = FALSE
	EndGlobalSection
	GlobalSection(ExtensibilityGlobals) = postSolution
		SolutionGuid = {BFE49D6B-C90C-4FCD-BBD9-F4396168984C}
	EndGlobalSection
EndGlobal
